schema: '2.0'
stages:
  prepare:
    cmd: python src/prepare.py
    deps:
    - path: config/config.yaml
      hash: md5
      md5: daf287a72eff982952ad947f907af1be
      size: 431
    - path: data/raw/rides.csv
      hash: md5
      md5: e1cb0d09e932ce7331f17da958cd70d7
      size: 70630
    - path: src/config.py
      hash: md5
      md5: 2c9ece5d1b1a19799ba37520bbe08d05
      size: 475
    - path: src/prepare.py
      hash: md5
      md5: c4e4524db3f7400453f094553d5c4d0e
      size: 1006
    outs:
    - path: data/processed/train.parquet
      hash: md5
      md5: 48e5c98ceee9869000f24760a5045484
      size: 30102
    - path: data/processed/val.parquet
      hash: md5
      md5: c6c6ebdef8f881af2b8fcac86c4efae8
      size: 9223
  train:
    cmd: python src/train.py
    deps:
    - path: data/processed/train.parquet
      hash: md5
      md5: 48e5c98ceee9869000f24760a5045484
      size: 30102
    - path: src/config.py
      hash: md5
      md5: 2c9ece5d1b1a19799ba37520bbe08d05
      size: 475
    - path: src/train.py
      hash: md5
      md5: 8b5845918046457c0a5f893fbe2a5534
      size: 4605
    params:
      config/config.yaml:
        model.max_depth: 6
        model.n_estimators: 100
    outs:
    - path: models/rf_model.pkl
      hash: md5
      md5: 413860cf388c1d6e38e16d6e4483edd3
      size: 946945
  evaluate:
    cmd: python src/evaluate.py
    deps:
    - path: data/processed/val.parquet
      hash: md5
      md5: c6c6ebdef8f881af2b8fcac86c4efae8
      size: 9223
    - path: models/rf_model.pkl
      hash: md5
      md5: 413860cf388c1d6e38e16d6e4483edd3
      size: 946945
    - path: src/config.py
      hash: md5
      md5: 2c9ece5d1b1a19799ba37520bbe08d05
      size: 475
    - path: src/evaluate.py
      hash: md5
      md5: 51c8a533c9f055eef378d478c6e95d89
      size: 876
    - path: src/train.py
      hash: md5
      md5: 8b5845918046457c0a5f893fbe2a5534
      size: 4605
    outs:
    - path: metrics/scores.json
      hash: md5
      md5: 0eef711432b76bb99fae6b45c780c176
      size: 89
